{
  "name": "AI4Career",
  "lockfileVersion": 3,
  "requires": true,
  "packages": {
    "": {
      "dependencies": {
        "@chakra-ui/icons": "^2.1.1",
        "@tsparticles/confetti": "^3.3.0"
      }
    },
    "node_modules/@babel/code-frame": {
      "version": "7.24.2",
      "resolved": "https://registry.npmjs.org/@babel/code-frame/-/code-frame-7.24.2.tgz",
      "integrity": "sha512-y5+tLQyV8pg3fsiln67BVLD1P13Eg4lh5RW9mF0zUuvLrv9uIQ4MCL+CRT+FTsBlBjcIan6PGsLcBN0m3ClUyQ==",
      "peer": true,
      "dependencies": {
        "@babel/highlight": "^7.24.2",
        "picocolors": "^1.0.0"
      },
      "engines": {
        "node": ">=6.9.0"
      }
    },
    "node_modules/@babel/helper-module-imports": {
      "version": "7.24.3",
      "resolved": "https://registry.npmjs.org/@babel/helper-module-imports/-/helper-module-imports-7.24.3.tgz",
      "integrity": "sha512-viKb0F9f2s0BCS22QSF308z/+1YWKV/76mwt61NBzS5izMzDPwdq1pTrzf+Li3npBWX9KdQbkeCt1jSAM7lZqg==",
      "peer": true,
      "dependencies": {
        "@babel/types": "^7.24.0"
      },
      "engines": {
        "node": ">=6.9.0"
      }
    },
    "node_modules/@babel/helper-string-parser": {
      "version": "7.24.1",
      "resolved": "https://registry.npmjs.org/@babel/helper-string-parser/-/helper-string-parser-7.24.1.tgz",
      "integrity": "sha512-2ofRCjnnA9y+wk8b9IAREroeUP02KHp431N2mhKniy2yKIDKpbrHv9eXwm8cBeWQYcJmzv5qKCu65P47eCF7CQ==",
      "peer": true,
      "engines": {
        "node": ">=6.9.0"
      }
    },
    "node_modules/@babel/helper-validator-identifier": {
      "version": "7.22.20",
      "resolved": "https://registry.npmjs.org/@babel/helper-validator-identifier/-/helper-validator-identifier-7.22.20.tgz",
      "integrity": "sha512-Y4OZ+ytlatR8AI+8KZfKuL5urKp7qey08ha31L8b3BwewJAoJamTzyvxPR/5D+KkdJCGPq/+8TukHBlY10FX9A==",
      "peer": true,
      "engines": {
        "node": ">=6.9.0"
      }
    },
    "node_modules/@babel/highlight": {
      "version": "7.24.2",
      "resolved": "https://registry.npmjs.org/@babel/highlight/-/highlight-7.24.2.tgz",
      "integrity": "sha512-Yac1ao4flkTxTteCDZLEvdxg2fZfz1v8M4QpaGypq/WPDqg3ijHYbDfs+LG5hvzSoqaSZ9/Z9lKSP3CjZjv+pA==",
      "peer": true,
      "dependencies": {
        "@babel/helper-validator-identifier": "^7.22.20",
        "chalk": "^2.4.2",
        "js-tokens": "^4.0.0",
        "picocolors": "^1.0.0"
      },
      "engines": {
        "node": ">=6.9.0"
      }
    },
    "node_modules/@babel/runtime": {
      "version": "7.24.1",
      "resolved": "https://registry.npmjs.org/@babel/runtime/-/runtime-7.24.1.tgz",
      "integrity": "sha512-+BIznRzyqBf+2wCTxcKE3wDjfGeCoVE61KSHGpkzqrLi8qxqFwBeUFyId2cxkTmm55fzDGnm0+yCxaxygrLUnQ==",
      "peer": true,
      "dependencies": {
        "regenerator-runtime": "^0.14.0"
      },
      "engines": {
        "node": ">=6.9.0"
      }
    },
    "node_modules/@babel/types": {
      "version": "7.24.0",
      "resolved": "https://registry.npmjs.org/@babel/types/-/types-7.24.0.tgz",
      "integrity": "sha512-+j7a5c253RfKh8iABBhywc8NSfP5LURe7Uh4qpsh6jc+aLJguvmIUBdjSdEMQv2bENrCR5MfRdjGo7vzS/ob7w==",
      "peer": true,
      "dependencies": {
        "@babel/helper-string-parser": "^7.23.4",
        "@babel/helper-validator-identifier": "^7.22.20",
        "to-fast-properties": "^2.0.0"
      },
      "engines": {
        "node": ">=6.9.0"
      }
    },
    "node_modules/@chakra-ui/anatomy": {
      "version": "2.2.2",
      "resolved": "https://registry.npmjs.org/@chakra-ui/anatomy/-/anatomy-2.2.2.tgz",
      "integrity": "sha512-MV6D4VLRIHr4PkW4zMyqfrNS1mPlCTiCXwvYGtDFQYr+xHFfonhAuf9WjsSc0nyp2m0OdkSLnzmVKkZFLo25Tg==",
      "peer": true
    },
    "node_modules/@chakra-ui/color-mode": {
      "version": "2.2.0",
      "resolved": "https://registry.npmjs.org/@chakra-ui/color-mode/-/color-mode-2.2.0.tgz",
      "integrity": "sha512-niTEA8PALtMWRI9wJ4LL0CSBDo8NBfLNp4GD6/0hstcm3IlbBHTVKxN6HwSaoNYfphDQLxCjT4yG+0BJA5tFpg==",
      "peer": true,
      "dependencies": {
        "@chakra-ui/react-use-safe-layout-effect": "2.1.0"
      },
      "peerDependencies": {
        "react": ">=18"
      }
    },
    "node_modules/@chakra-ui/icon": {
      "version": "3.2.0",
      "resolved": "https://registry.npmjs.org/@chakra-ui/icon/-/icon-3.2.0.tgz",
      "integrity": "sha512-xxjGLvlX2Ys4H0iHrI16t74rG9EBcpFvJ3Y3B7KMQTrnW34Kf7Da/UC8J67Gtx85mTHW020ml85SVPKORWNNKQ==",
      "dependencies": {
        "@chakra-ui/shared-utils": "2.0.5"
      },
      "peerDependencies": {
        "@chakra-ui/system": ">=2.0.0",
        "react": ">=18"
      }
    },
    "node_modules/@chakra-ui/icons": {
      "version": "2.1.1",
      "resolved": "https://registry.npmjs.org/@chakra-ui/icons/-/icons-2.1.1.tgz",
      "integrity": "sha512-3p30hdo4LlRZTT5CwoAJq3G9fHI0wDc0pBaMHj4SUn0yomO+RcDRlzhdXqdr5cVnzax44sqXJVnf3oQG0eI+4g==",
      "dependencies": {
        "@chakra-ui/icon": "3.2.0"
      },
      "peerDependencies": {
        "@chakra-ui/system": ">=2.0.0",
        "react": ">=18"
      }
    },
    "node_modules/@chakra-ui/object-utils": {
      "version": "2.1.0",
      "resolved": "https://registry.npmjs.org/@chakra-ui/object-utils/-/object-utils-2.1.0.tgz",
      "integrity": "sha512-tgIZOgLHaoti5PYGPTwK3t/cqtcycW0owaiOXoZOcpwwX/vlVb+H1jFsQyWiiwQVPt9RkoSLtxzXamx+aHH+bQ==",
      "peer": true
    },
    "node_modules/@chakra-ui/react-use-safe-layout-effect": {
      "version": "2.1.0",
      "resolved": "https://registry.npmjs.org/@chakra-ui/react-use-safe-layout-effect/-/react-use-safe-layout-effect-2.1.0.tgz",
      "integrity": "sha512-Knbrrx/bcPwVS1TorFdzrK/zWA8yuU/eaXDkNj24IrKoRlQrSBFarcgAEzlCHtzuhufP3OULPkELTzz91b0tCw==",
      "peer": true,
      "peerDependencies": {
        "react": ">=18"
      }
    },
    "node_modules/@chakra-ui/react-utils": {
      "version": "2.0.12",
      "resolved": "https://registry.npmjs.org/@chakra-ui/react-utils/-/react-utils-2.0.12.tgz",
      "integrity": "sha512-GbSfVb283+YA3kA8w8xWmzbjNWk14uhNpntnipHCftBibl0lxtQ9YqMFQLwuFOO0U2gYVocszqqDWX+XNKq9hw==",
      "peer": true,
      "dependencies": {
        "@chakra-ui/utils": "2.0.15"
      },
      "peerDependencies": {
        "react": ">=18"
      }
    },
    "node_modules/@chakra-ui/shared-utils": {
      "version": "2.0.5",
      "resolved": "https://registry.npmjs.org/@chakra-ui/shared-utils/-/shared-utils-2.0.5.tgz",
      "integrity": "sha512-4/Wur0FqDov7Y0nCXl7HbHzCg4aq86h+SXdoUeuCMD3dSj7dpsVnStLYhng1vxvlbUnLpdF4oz5Myt3i/a7N3Q=="
    },
    "node_modules/@chakra-ui/styled-system": {
      "version": "2.9.2",
      "resolved": "https://registry.npmjs.org/@chakra-ui/styled-system/-/styled-system-2.9.2.tgz",
      "integrity": "sha512-To/Z92oHpIE+4nk11uVMWqo2GGRS86coeMmjxtpnErmWRdLcp1WVCVRAvn+ZwpLiNR+reWFr2FFqJRsREuZdAg==",
      "peer": true,
      "dependencies": {
        "@chakra-ui/shared-utils": "2.0.5",
        "csstype": "^3.1.2",
        "lodash.mergewith": "4.6.2"
      }
    },
    "node_modules/@chakra-ui/system": {
      "version": "2.6.2",
      "resolved": "https://registry.npmjs.org/@chakra-ui/system/-/system-2.6.2.tgz",
      "integrity": "sha512-EGtpoEjLrUu4W1fHD+a62XR+hzC5YfsWm+6lO0Kybcga3yYEij9beegO0jZgug27V+Rf7vns95VPVP6mFd/DEQ==",
      "peer": true,
      "dependencies": {
        "@chakra-ui/color-mode": "2.2.0",
        "@chakra-ui/object-utils": "2.1.0",
        "@chakra-ui/react-utils": "2.0.12",
        "@chakra-ui/styled-system": "2.9.2",
        "@chakra-ui/theme-utils": "2.0.21",
        "@chakra-ui/utils": "2.0.15",
        "react-fast-compare": "3.2.2"
      },
      "peerDependencies": {
        "@emotion/react": "^11.0.0",
        "@emotion/styled": "^11.0.0",
        "react": ">=18"
      }
    },
    "node_modules/@chakra-ui/theme": {
      "version": "3.3.1",
      "resolved": "https://registry.npmjs.org/@chakra-ui/theme/-/theme-3.3.1.tgz",
      "integrity": "sha512-Hft/VaT8GYnItGCBbgWd75ICrIrIFrR7lVOhV/dQnqtfGqsVDlrztbSErvMkoPKt0UgAkd9/o44jmZ6X4U2nZQ==",
      "peer": true,
      "dependencies": {
        "@chakra-ui/anatomy": "2.2.2",
        "@chakra-ui/shared-utils": "2.0.5",
        "@chakra-ui/theme-tools": "2.1.2"
      },
      "peerDependencies": {
        "@chakra-ui/styled-system": ">=2.8.0"
      }
    },
    "node_modules/@chakra-ui/theme-tools": {
      "version": "2.1.2",
      "resolved": "https://registry.npmjs.org/@chakra-ui/theme-tools/-/theme-tools-2.1.2.tgz",
      "integrity": "sha512-Qdj8ajF9kxY4gLrq7gA+Azp8CtFHGO9tWMN2wfF9aQNgG9AuMhPrUzMq9AMQ0MXiYcgNq/FD3eegB43nHVmXVA==",
      "peer": true,
      "dependencies": {
        "@chakra-ui/anatomy": "2.2.2",
        "@chakra-ui/shared-utils": "2.0.5",
        "color2k": "^2.0.2"
      },
      "peerDependencies": {
        "@chakra-ui/styled-system": ">=2.0.0"
      }
    },
    "node_modules/@chakra-ui/theme-utils": {
      "version": "2.0.21",
      "resolved": "https://registry.npmjs.org/@chakra-ui/theme-utils/-/theme-utils-2.0.21.tgz",
      "integrity": "sha512-FjH5LJbT794r0+VSCXB3lT4aubI24bLLRWB+CuRKHijRvsOg717bRdUN/N1fEmEpFnRVrbewttWh/OQs0EWpWw==",
      "peer": true,
      "dependencies": {
        "@chakra-ui/shared-utils": "2.0.5",
        "@chakra-ui/styled-system": "2.9.2",
        "@chakra-ui/theme": "3.3.1",
        "lodash.mergewith": "4.6.2"
      }
    },
    "node_modules/@chakra-ui/utils": {
      "version": "2.0.15",
      "resolved": "https://registry.npmjs.org/@chakra-ui/utils/-/utils-2.0.15.tgz",
      "integrity": "sha512-El4+jL0WSaYYs+rJbuYFDbjmfCcfGDmRY95GO4xwzit6YAPZBLcR65rOEwLps+XWluZTy1xdMrusg/hW0c1aAA==",
      "peer": true,
      "dependencies": {
        "@types/lodash.mergewith": "4.6.7",
        "css-box-model": "1.2.1",
        "framesync": "6.1.2",
        "lodash.mergewith": "4.6.2"
      }
    },
    "node_modules/@emotion/babel-plugin": {
      "version": "11.11.0",
      "resolved": "https://registry.npmjs.org/@emotion/babel-plugin/-/babel-plugin-11.11.0.tgz",
      "integrity": "sha512-m4HEDZleaaCH+XgDDsPF15Ht6wTLsgDTeR3WYj9Q/k76JtWhrJjcP4+/XlG8LGT/Rol9qUfOIztXeA84ATpqPQ==",
      "peer": true,
      "dependencies": {
        "@babel/helper-module-imports": "^7.16.7",
        "@babel/runtime": "^7.18.3",
        "@emotion/hash": "^0.9.1",
        "@emotion/memoize": "^0.8.1",
        "@emotion/serialize": "^1.1.2",
        "babel-plugin-macros": "^3.1.0",
        "convert-source-map": "^1.5.0",
        "escape-string-regexp": "^4.0.0",
        "find-root": "^1.1.0",
        "source-map": "^0.5.7",
        "stylis": "4.2.0"
      }
    },
    "node_modules/@emotion/cache": {
      "version": "11.11.0",
      "resolved": "https://registry.npmjs.org/@emotion/cache/-/cache-11.11.0.tgz",
      "integrity": "sha512-P34z9ssTCBi3e9EI1ZsWpNHcfY1r09ZO0rZbRO2ob3ZQMnFI35jB536qoXbkdesr5EUhYi22anuEJuyxifaqAQ==",
      "peer": true,
      "dependencies": {
        "@emotion/memoize": "^0.8.1",
        "@emotion/sheet": "^1.2.2",
        "@emotion/utils": "^1.2.1",
        "@emotion/weak-memoize": "^0.3.1",
        "stylis": "4.2.0"
      }
    },
    "node_modules/@emotion/hash": {
      "version": "0.9.1",
      "resolved": "https://registry.npmjs.org/@emotion/hash/-/hash-0.9.1.tgz",
      "integrity": "sha512-gJB6HLm5rYwSLI6PQa+X1t5CFGrv1J1TWG+sOyMCeKz2ojaj6Fnl/rZEspogG+cvqbt4AE/2eIyD2QfLKTBNlQ==",
      "peer": true
    },
    "node_modules/@emotion/is-prop-valid": {
      "version": "1.2.2",
      "resolved": "https://registry.npmjs.org/@emotion/is-prop-valid/-/is-prop-valid-1.2.2.tgz",
      "integrity": "sha512-uNsoYd37AFmaCdXlg6EYD1KaPOaRWRByMCYzbKUX4+hhMfrxdVSelShywL4JVaAeM/eHUOSprYBQls+/neX3pw==",
      "peer": true,
      "dependencies": {
        "@emotion/memoize": "^0.8.1"
      }
    },
    "node_modules/@emotion/memoize": {
      "version": "0.8.1",
      "resolved": "https://registry.npmjs.org/@emotion/memoize/-/memoize-0.8.1.tgz",
      "integrity": "sha512-W2P2c/VRW1/1tLox0mVUalvnWXxavmv/Oum2aPsRcoDJuob75FC3Y8FbpfLwUegRcxINtGUMPq0tFCvYNTBXNA==",
      "peer": true
    },
    "node_modules/@emotion/react": {
      "version": "11.11.4",
      "resolved": "https://registry.npmjs.org/@emotion/react/-/react-11.11.4.tgz",
      "integrity": "sha512-t8AjMlF0gHpvvxk5mAtCqR4vmxiGHCeJBaQO6gncUSdklELOgtwjerNY2yuJNfwnc6vi16U/+uMF+afIawJ9iw==",
      "peer": true,
      "dependencies": {
        "@babel/runtime": "^7.18.3",
        "@emotion/babel-plugin": "^11.11.0",
        "@emotion/cache": "^11.11.0",
        "@emotion/serialize": "^1.1.3",
        "@emotion/use-insertion-effect-with-fallbacks": "^1.0.1",
        "@emotion/utils": "^1.2.1",
        "@emotion/weak-memoize": "^0.3.1",
        "hoist-non-react-statics": "^3.3.1"
      },
      "peerDependencies": {
        "react": ">=16.8.0"
      },
      "peerDependenciesMeta": {
        "@types/react": {
          "optional": true
        }
      }
    },
    "node_modules/@emotion/serialize": {
      "version": "1.1.4",
      "resolved": "https://registry.npmjs.org/@emotion/serialize/-/serialize-1.1.4.tgz",
      "integrity": "sha512-RIN04MBT8g+FnDwgvIUi8czvr1LU1alUMI05LekWB5DGyTm8cCBMCRpq3GqaiyEDRptEXOyXnvZ58GZYu4kBxQ==",
      "peer": true,
      "dependencies": {
        "@emotion/hash": "^0.9.1",
        "@emotion/memoize": "^0.8.1",
        "@emotion/unitless": "^0.8.1",
        "@emotion/utils": "^1.2.1",
        "csstype": "^3.0.2"
      }
    },
    "node_modules/@emotion/sheet": {
      "version": "1.2.2",
      "resolved": "https://registry.npmjs.org/@emotion/sheet/-/sheet-1.2.2.tgz",
      "integrity": "sha512-0QBtGvaqtWi+nx6doRwDdBIzhNdZrXUppvTM4dtZZWEGTXL/XE/yJxLMGlDT1Gt+UHH5IX1n+jkXyytE/av7OA==",
      "peer": true
    },
    "node_modules/@emotion/styled": {
      "version": "11.11.5",
      "resolved": "https://registry.npmjs.org/@emotion/styled/-/styled-11.11.5.tgz",
      "integrity": "sha512-/ZjjnaNKvuMPxcIiUkf/9SHoG4Q196DRl1w82hQ3WCsjo1IUR8uaGWrC6a87CrYAW0Kb/pK7hk8BnLgLRi9KoQ==",
      "peer": true,
      "dependencies": {
        "@babel/runtime": "^7.18.3",
        "@emotion/babel-plugin": "^11.11.0",
        "@emotion/is-prop-valid": "^1.2.2",
        "@emotion/serialize": "^1.1.4",
        "@emotion/use-insertion-effect-with-fallbacks": "^1.0.1",
        "@emotion/utils": "^1.2.1"
      },
      "peerDependencies": {
        "@emotion/react": "^11.0.0-rc.0",
        "react": ">=16.8.0"
      },
      "peerDependenciesMeta": {
        "@types/react": {
          "optional": true
        }
      }
    },
    "node_modules/@emotion/unitless": {
      "version": "0.8.1",
      "resolved": "https://registry.npmjs.org/@emotion/unitless/-/unitless-0.8.1.tgz",
      "integrity": "sha512-KOEGMu6dmJZtpadb476IsZBclKvILjopjUii3V+7MnXIQCYh8W3NgNcgwo21n9LXZX6EDIKvqfjYxXebDwxKmQ==",
      "peer": true
    },
    "node_modules/@emotion/use-insertion-effect-with-fallbacks": {
      "version": "1.0.1",
      "resolved": "https://registry.npmjs.org/@emotion/use-insertion-effect-with-fallbacks/-/use-insertion-effect-with-fallbacks-1.0.1.tgz",
      "integrity": "sha512-jT/qyKZ9rzLErtrjGgdkMBn2OP8wl0G3sQlBb3YPryvKHsjvINUhVaPFfP+fpBcOkmrVOVEEHQFJ7nbj2TH2gw==",
      "peer": true,
      "peerDependencies": {
        "react": ">=16.8.0"
      }
    },
    "node_modules/@emotion/utils": {
      "version": "1.2.1",
      "resolved": "https://registry.npmjs.org/@emotion/utils/-/utils-1.2.1.tgz",
      "integrity": "sha512-Y2tGf3I+XVnajdItskUCn6LX+VUDmP6lTL4fcqsXAv43dnlbZiuW4MWQW38rW/BVWSE7Q/7+XQocmpnRYILUmg==",
      "peer": true
    },
    "node_modules/@emotion/weak-memoize": {
      "version": "0.3.1",
      "resolved": "https://registry.npmjs.org/@emotion/weak-memoize/-/weak-memoize-0.3.1.tgz",
      "integrity": "sha512-EsBwpc7hBUJWAsNPBmJy4hxWx12v6bshQsldrVmjxJoc3isbxhOrF2IcCpaXxfvq03NwkI7sbsOLXbYuqF/8Ww==",
      "peer": true
    },
    "node_modules/@tsparticles/basic": {
      "version": "3.3.0",
      "resolved": "https://registry.npmjs.org/@tsparticles/basic/-/basic-3.3.0.tgz",
      "integrity": "sha512-YB6+pFnkby6hnHhDqH2Q7+Y6Zcm7RAgZLQ8gkecHQxywD0RFItpYQfxpIf82mOTZ39NoeVdH6AF3mydgxVNAMQ==",
      "funding": [
        {
          "type": "github",
          "url": "https://github.com/sponsors/matteobruni"
        },
        {
          "type": "github",
          "url": "https://github.com/sponsors/tsparticles"
        },
        {
          "type": "buymeacoffee",
          "url": "https://www.buymeacoffee.com/matteobruni"
        }
      ],
      "dependencies": {
        "@tsparticles/engine": "^3.3.0",
        "@tsparticles/move-base": "^3.3.0",
        "@tsparticles/shape-circle": "^3.3.0",
        "@tsparticles/updater-color": "^3.3.0",
        "@tsparticles/updater-opacity": "^3.3.0",
        "@tsparticles/updater-out-modes": "^3.3.0",
        "@tsparticles/updater-size": "^3.3.0"
      }
    },
    "node_modules/@tsparticles/confetti": {
      "version": "3.3.0",
      "resolved": "https://registry.npmjs.org/@tsparticles/confetti/-/confetti-3.3.0.tgz",
      "integrity": "sha512-LgV4h9h6X8kHSeeTWmAOt3dxq9/yhDe4guybYUPqus5WvMVqDGnx9WIdKzJhdFywPaqfR0OYDdHBsHAxdHK8bQ==",
      "funding": [
        {
          "type": "github",
          "url": "https://github.com/sponsors/matteobruni"
        },
        {
          "type": "github",
          "url": "https://github.com/sponsors/tsparticles"
        },
        {
          "type": "buymeacoffee",
          "url": "https://www.buymeacoffee.com/matteobruni"
        }
      ],
      "dependencies": {
        "@tsparticles/basic": "^3.3.0",
        "@tsparticles/engine": "^3.3.0",
        "@tsparticles/plugin-emitters": "^3.3.0",
        "@tsparticles/plugin-motion": "^3.3.0",
        "@tsparticles/shape-cards": "^3.3.0",
        "@tsparticles/shape-emoji": "^3.3.0",
        "@tsparticles/shape-heart": "^3.3.0",
        "@tsparticles/shape-image": "^3.3.0",
        "@tsparticles/shape-polygon": "^3.3.0",
        "@tsparticles/shape-square": "^3.3.0",
        "@tsparticles/shape-star": "^3.3.0",
        "@tsparticles/updater-life": "^3.3.0",
        "@tsparticles/updater-roll": "^3.3.0",
        "@tsparticles/updater-rotate": "^3.3.0",
        "@tsparticles/updater-tilt": "^3.3.0",
        "@tsparticles/updater-wobble": "^3.3.0"
      }
    },
    "node_modules/@tsparticles/engine": {
      "version": "3.3.0",
      "resolved": "https://registry.npmjs.org/@tsparticles/engine/-/engine-3.3.0.tgz",
      "integrity": "sha512-Sr24epYquTelGrUbMaknXTscib8IMQJrbmShJnEemU+wpZNIPtAh09sQgGtq1pUxrGQRUSQIgaybYuXcNgk8rg==",
      "funding": [
        {
          "type": "github",
          "url": "https://github.com/sponsors/matteobruni"
        },
        {
          "type": "github",
          "url": "https://github.com/sponsors/tsparticles"
        },
        {
          "type": "buymeacoffee",
          "url": "https://www.buymeacoffee.com/matteobruni"
        }
      ],
      "hasInstallScript": true
    },
    "node_modules/@tsparticles/move-base": {
      "version": "3.3.0",
      "resolved": "https://registry.npmjs.org/@tsparticles/move-base/-/move-base-3.3.0.tgz",
      "integrity": "sha512-yxfynO0CHWYlhyXy53/HzsN8zyD+v1RX0wT9X1Wry5lgnxhJoFTAP/Pk+srgyLOdaD0WwoRjB3yA/0f/haBWkg==",
      "dependencies": {
        "@tsparticles/engine": "^3.3.0"
      }
    },
    "node_modules/@tsparticles/plugin-emitters": {
      "version": "3.3.0",
      "resolved": "https://registry.npmjs.org/@tsparticles/plugin-emitters/-/plugin-emitters-3.3.0.tgz",
      "integrity": "sha512-Ze2f47YBxjgfUHRKy0YdR+j6kGq7yrrdnbR5Ttq5d6vSjC13tFL+T14YM0tqZBr4QaZZB35UpKr3r2C4WVdDug==",
      "dependencies": {
        "@tsparticles/engine": "^3.3.0"
      }
    },
    "node_modules/@tsparticles/plugin-motion": {
      "version": "3.3.0",
      "resolved": "https://registry.npmjs.org/@tsparticles/plugin-motion/-/plugin-motion-3.3.0.tgz",
      "integrity": "sha512-N3Q+FGXObu6n1ErhfnIHgltrR2zvSsXMPLjdkgqyg6l2i1oD3ybw57siGM/th0k7m7hvJ96HmDaJrY3sUuqX6Q==",
      "dependencies": {
        "@tsparticles/engine": "^3.3.0"
      }
    },
    "node_modules/@tsparticles/shape-cards": {
      "version": "3.3.0",
      "resolved": "https://registry.npmjs.org/@tsparticles/shape-cards/-/shape-cards-3.3.0.tgz",
      "integrity": "sha512-WPiGYZJFfVaFjnzbTm5gg0HIVgy4qbwSKTjAaeVxf3J0oMiu8nFV7Ya9My2ondvDWrUeTpRem2Zzbb81yYnyZg==",
      "funding": [
        {
          "type": "github",
          "url": "https://github.com/sponsors/matteobruni"
        },
        {
          "type": "github",
          "url": "https://github.com/sponsors/tsparticles"
        },
        {
          "type": "buymeacoffee",
          "url": "https://www.buymeacoffee.com/matteobruni"
        }
      ],
      "dependencies": {
        "@tsparticles/engine": "^3.3.0"
      }
    },
    "node_modules/@tsparticles/shape-circle": {
      "version": "3.3.0",
      "resolved": "https://registry.npmjs.org/@tsparticles/shape-circle/-/shape-circle-3.3.0.tgz",
      "integrity": "sha512-m/T3SbZf8Zrn0m4Rd+8KTCMy54cofkaXa1Z7oikQYr/gPigT2C7Bo4vwQpiP8HKU+Xh5CEHFyc0s6ogfOaA2fA==",
      "dependencies": {
        "@tsparticles/engine": "^3.3.0"
      }
    },
    "node_modules/@tsparticles/shape-emoji": {
      "version": "3.3.0",
      "resolved": "https://registry.npmjs.org/@tsparticles/shape-emoji/-/shape-emoji-3.3.0.tgz",
      "integrity": "sha512-F9tl3jUTMCRzbwhpKk3t1z2d+7vbyeAoHAEeG4UdUVorO0ovaqzj16KcpfSu2wyGkPSzUKIyHX8doB9MR8DfGw==",
      "dependencies": {
        "@tsparticles/engine": "^3.3.0"
      }
    },
    "node_modules/@tsparticles/shape-heart": {
      "version": "3.3.0",
      "resolved": "https://registry.npmjs.org/@tsparticles/shape-heart/-/shape-heart-3.3.0.tgz",
      "integrity": "sha512-R47xiFP7xxbBKjYSQFcfoBxLkVZLNNhzzDFqKMz3feAUXQxLxoV8bPNVH6Sx2Xn4coxqK72lhi1tNGq3buWiTw==",
      "funding": [
        {
          "type": "github",
          "url": "https://github.com/sponsors/matteobruni"
        },
        {
          "type": "github",
          "url": "https://github.com/sponsors/tsparticles"
        },
        {
          "type": "buymeacoffee",
          "url": "https://www.buymeacoffee.com/matteobruni"
        }
      ],
      "dependencies": {
        "@tsparticles/engine": "^3.3.0"
      }
    },
    "node_modules/@tsparticles/shape-image": {
      "version": "3.3.0",
      "resolved": "https://registry.npmjs.org/@tsparticles/shape-image/-/shape-image-3.3.0.tgz",
      "integrity": "sha512-w5PHiDZjILIUEDIn10bFasY1qnSY9lwV0ekoTLGDepiS/EmyNJb0+D7gWOy/mhFlpK1637Ngbz1Axw3Zfl8ObA==",
      "dependencies": {
        "@tsparticles/engine": "^3.3.0"
      }
    },
    "node_modules/@tsparticles/shape-polygon": {
      "version": "3.3.0",
      "resolved": "https://registry.npmjs.org/@tsparticles/shape-polygon/-/shape-polygon-3.3.0.tgz",
      "integrity": "sha512-JAHKIO8Pmzft0METZn6BqTHpn9PxWXxhAlPMG0XOEuziHpvMxmTXYbJNDFlmWu9RFpAjfIeGg8zUcS1xNuGWUQ==",
      "dependencies": {
        "@tsparticles/engine": "^3.3.0"
      }
    },
    "node_modules/@tsparticles/shape-square": {
      "version": "3.3.0",
      "resolved": "https://registry.npmjs.org/@tsparticles/shape-square/-/shape-square-3.3.0.tgz",
      "integrity": "sha512-72tLkzQ5QkkhgIFy+qqdA+vmBk8VE4PuJcLJ12FVH8e3uPJDO2WiLJmnCg9MHyp26uU5CEuIalrQpZ0TX1A5PQ==",
      "dependencies": {
        "@tsparticles/engine": "^3.3.0"
      }
    },
    "node_modules/@tsparticles/shape-star": {
      "version": "3.3.0",
      "resolved": "https://registry.npmjs.org/@tsparticles/shape-star/-/shape-star-3.3.0.tgz",
      "integrity": "sha512-RX9RLuJ9oWQbOVvVyiOBdPK8dc+RLc7DaqEOxGhMTPQeGvryjdkBU/FmiG4a7KaVyZeCI2diDW4oWEkulzZIIg==",
      "dependencies": {
        "@tsparticles/engine": "^3.3.0"
      }
    },
    "node_modules/@tsparticles/updater-color": {
      "version": "3.3.0",
      "resolved": "https://registry.npmjs.org/@tsparticles/updater-color/-/updater-color-3.3.0.tgz",
      "integrity": "sha512-4ZggZr4jTXXOCLXqMXkH/jfhylf9wLt2G7D/F9ZZPihh8l8F2x0YM/JvzRePynhIFXfZaMD1PRfdXNTr6HnFFQ==",
      "dependencies": {
        "@tsparticles/engine": "^3.3.0"
      }
    },
    "node_modules/@tsparticles/updater-life": {
      "version": "3.3.0",
      "resolved": "https://registry.npmjs.org/@tsparticles/updater-life/-/updater-life-3.3.0.tgz",
      "integrity": "sha512-6DDx4FfezLmXxetVx0kFZdWKWLIPa/ujFxHto0fFIVFtjLaffJPEONoOIj6/TmAlcJ+XF2jY2Md4z6vyS6bMlA==",
      "dependencies": {
        "@tsparticles/engine": "^3.3.0"
      }
    },
    "node_modules/@tsparticles/updater-opacity": {
      "version": "3.3.0",
      "resolved": "https://registry.npmjs.org/@tsparticles/updater-opacity/-/updater-opacity-3.3.0.tgz",
      "integrity": "sha512-aQZJheqvoD69YYPiSlcRuWU7yEPs9dSmeOALP+fcaQwUQbVvr+wNJSUVkVNzeawtv4tPwou4QnytoWaBmZoqog==",
      "dependencies": {
        "@tsparticles/engine": "^3.3.0"
      }
    },
    "node_modules/@tsparticles/updater-out-modes": {
      "version": "3.3.0",
      "resolved": "https://registry.npmjs.org/@tsparticles/updater-out-modes/-/updater-out-modes-3.3.0.tgz",
      "integrity": "sha512-G+UDZO6pmBUdSeT1Y7SRXvZz2EUw5RBCF8AOQMyLntehJQgLPc+PbMCFenfjpRQCCiWQ8RSumZ040iv5CLRUug==",
      "dependencies": {
        "@tsparticles/engine": "^3.3.0"
      }
    },
    "node_modules/@tsparticles/updater-roll": {
      "version": "3.3.0",
      "resolved": "https://registry.npmjs.org/@tsparticles/updater-roll/-/updater-roll-3.3.0.tgz",
      "integrity": "sha512-z4UNZnC1/ZtXRZqMMITjqTxjs+qhggoL2W6c6AjvQ9TUyz+Ixg8tIrcPcwUu69496o9HJf6mJ4C3G9Pb9CMm7Q==",
      "dependencies": {
        "@tsparticles/engine": "^3.3.0"
      }
    },
    "node_modules/@tsparticles/updater-rotate": {
      "version": "3.3.0",
      "resolved": "https://registry.npmjs.org/@tsparticles/updater-rotate/-/updater-rotate-3.3.0.tgz",
      "integrity": "sha512-4i3+0rbvzmaNGunlK443kURoEVFeAvCY5VGNX73y8S5g94RFejtGYBUUsC/LAcCxgfxa3HgYwNTT6ypslnoNuw==",
      "dependencies": {
        "@tsparticles/engine": "^3.3.0"
      }
    },
    "node_modules/@tsparticles/updater-size": {
      "version": "3.3.0",
      "resolved": "https://registry.npmjs.org/@tsparticles/updater-size/-/updater-size-3.3.0.tgz",
      "integrity": "sha512-8s0dSh8bV4CN13oM86x1MPkI1T6KwuKPIiSdTcO1qKTcN1WBYzuuIPOU7Q3+fbQhSZ6F+da3zdG9unqU5sPYUA==",
      "dependencies": {
        "@tsparticles/engine": "^3.3.0"
      }
    },
    "node_modules/@tsparticles/updater-tilt": {
      "version": "3.3.0",
      "resolved": "https://registry.npmjs.org/@tsparticles/updater-tilt/-/updater-tilt-3.3.0.tgz",
      "integrity": "sha512-ALcz+lsdaZn3pZkBRQssF55DVVQf0nX7rXCn6dhgIcwvpTSU1Fm5wYP2Q7cr6UDOu1lOAk5BHEQaG2EgHTanMQ==",
      "dependencies": {
        "@tsparticles/engine": "^3.3.0"
      }
    },
    "node_modules/@tsparticles/updater-wobble": {
      "version": "3.3.0",
      "resolved": "https://registry.npmjs.org/@tsparticles/updater-wobble/-/updater-wobble-3.3.0.tgz",
      "integrity": "sha512-S9TpaGCWUnfFsk/ZVQVW+KrBG5mkTbbrj6lUx8OuhJmAft6v6zKVByhrMN8LIxYwr8S6mGmguOfFt/ZG2//xkw==",
      "dependencies": {
        "@tsparticles/engine": "^3.3.0"
      }
    },
    "node_modules/@types/lodash": {
      "version": "4.17.0",
      "resolved": "https://registry.npmjs.org/@types/lodash/-/lodash-4.17.0.tgz",
      "integrity": "sha512-t7dhREVv6dbNj0q17X12j7yDG4bD/DHYX7o5/DbDxobP0HnGPgpRz2Ej77aL7TZT3DSw13fqUTj8J4mMnqa7WA==",
      "peer": true
    },
    "node_modules/@types/lodash.mergewith": {
      "version": "4.6.7",
      "resolved": "https://registry.npmjs.org/@types/lodash.mergewith/-/lodash.mergewith-4.6.7.tgz",
      "integrity": "sha512-3m+lkO5CLRRYU0fhGRp7zbsGi6+BZj0uTVSwvcKU+nSlhjA9/QRNfuSGnD2mX6hQA7ZbmcCkzk5h4ZYGOtk14A==",
      "peer": true,
      "dependencies": {
        "@types/lodash": "*"
      }
    },
    "node_modules/@types/parse-json": {
      "version": "4.0.2",
      "resolved": "https://registry.npmjs.org/@types/parse-json/-/parse-json-4.0.2.tgz",
      "integrity": "sha512-dISoDXWWQwUquiKsyZ4Ng+HX2KsPL7LyHKHQwgGFEA3IaKac4Obd+h2a/a6waisAoepJlBcx9paWqjA8/HVjCw==",
      "peer": true
    },
    "node_modules/ansi-styles": {
      "version": "3.2.1",
      "resolved": "https://registry.npmjs.org/ansi-styles/-/ansi-styles-3.2.1.tgz",
      "integrity": "sha512-VT0ZI6kZRdTh8YyJw3SMbYm/u+NqfsAxEpWO0Pf9sq8/e94WxxOpPKx9FR1FlyCtOVDNOQ+8ntlqFxiRc+r5qA==",
      "peer": true,
      "dependencies": {
        "color-convert": "^1.9.0"
      },
      "engines": {
        "node": ">=4"
      }
    },
    "node_modules/babel-plugin-macros": {
      "version": "3.1.0",
      "resolved": "https://registry.npmjs.org/babel-plugin-macros/-/babel-plugin-macros-3.1.0.tgz",
      "integrity": "sha512-Cg7TFGpIr01vOQNODXOOaGz2NpCU5gl8x1qJFbb6hbZxR7XrcE2vtbAsTAbJ7/xwJtUuJEw8K8Zr/AE0LHlesg==",
      "peer": true,
      "dependencies": {
        "@babel/runtime": "^7.12.5",
        "cosmiconfig": "^7.0.0",
        "resolve": "^1.19.0"
      },
      "engines": {
        "node": ">=10",
        "npm": ">=6"
      }
    },
    "node_modules/callsites": {
      "version": "3.1.0",
      "resolved": "https://registry.npmjs.org/callsites/-/callsites-3.1.0.tgz",
      "integrity": "sha512-P8BjAsXvZS+VIDUI11hHCQEv74YT67YUi5JJFNWIqL235sBmjX4+qx9Muvls5ivyNENctx46xQLQ3aTuE7ssaQ==",
      "peer": true,
      "engines": {
        "node": ">=6"
      }
    },
    "node_modules/chalk": {
      "version": "2.4.2",
      "resolved": "https://registry.npmjs.org/chalk/-/chalk-2.4.2.tgz",
      "integrity": "sha512-Mti+f9lpJNcwF4tWV8/OrTTtF1gZi+f8FqlyAdouralcFWFQWF2+NgCHShjkCb+IFBLq9buZwE1xckQU4peSuQ==",
      "peer": true,
      "dependencies": {
        "ansi-styles": "^3.2.1",
        "escape-string-regexp": "^1.0.5",
        "supports-color": "^5.3.0"
      },
      "engines": {
        "node": ">=4"
      }
    },
    "node_modules/chalk/node_modules/escape-string-regexp": {
      "version": "1.0.5",
      "resolved": "https://registry.npmjs.org/escape-string-regexp/-/escape-string-regexp-1.0.5.tgz",
      "integrity": "sha512-vbRorB5FUQWvla16U8R/qgaFIya2qGzwDrNmCZuYKrbdSUMG6I1ZCGQRefkRVhuOkIGVne7BQ35DSfo1qvJqFg==",
      "peer": true,
      "engines": {
        "node": ">=0.8.0"
      }
    },
    "node_modules/color-convert": {
      "version": "1.9.3",
      "resolved": "https://registry.npmjs.org/color-convert/-/color-convert-1.9.3.tgz",
      "integrity": "sha512-QfAUtd+vFdAtFQcC8CCyYt1fYWxSqAiK2cSD6zDB8N3cpsEBAvRxp9zOGg6G/SHHJYAT88/az/IuDGALsNVbGg==",
      "peer": true,
      "dependencies": {
        "color-name": "1.1.3"
      }
    },
    "node_modules/color-name": {
      "version": "1.1.3",
      "resolved": "https://registry.npmjs.org/color-name/-/color-name-1.1.3.tgz",
      "integrity": "sha512-72fSenhMw2HZMTVHeCA9KCmpEIbzWiQsjN+BHcBbS9vr1mtt+vJjPdksIBNUmKAW8TFUDPJK5SUU3QhE9NEXDw==",
      "peer": true
    },
    "node_modules/color2k": {
      "version": "2.0.3",
      "resolved": "https://registry.npmjs.org/color2k/-/color2k-2.0.3.tgz",
      "integrity": "sha512-zW190nQTIoXcGCaU08DvVNFTmQhUpnJfVuAKfWqUQkflXKpaDdpaYoM0iluLS9lgJNHyBF58KKA2FBEwkD7wog==",
      "peer": true
    },
    "node_modules/convert-source-map": {
      "version": "1.9.0",
      "resolved": "https://registry.npmjs.org/convert-source-map/-/convert-source-map-1.9.0.tgz",
      "integrity": "sha512-ASFBup0Mz1uyiIjANan1jzLQami9z1PoYSZCiiYW2FczPbenXc45FZdBZLzOT+r6+iciuEModtmCti+hjaAk0A==",
      "peer": true
    },
    "node_modules/cosmiconfig": {
      "version": "7.1.0",
      "resolved": "https://registry.npmjs.org/cosmiconfig/-/cosmiconfig-7.1.0.tgz",
      "integrity": "sha512-AdmX6xUzdNASswsFtmwSt7Vj8po9IuqXm0UXz7QKPuEUmPB4XyjGfaAr2PSuELMwkRMVH1EpIkX5bTZGRB3eCA==",
      "peer": true,
      "dependencies": {
        "@types/parse-json": "^4.0.0",
        "import-fresh": "^3.2.1",
        "parse-json": "^5.0.0",
        "path-type": "^4.0.0",
        "yaml": "^1.10.0"
      },
      "engines": {
        "node": ">=10"
      }
    },
    "node_modules/css-box-model": {
      "version": "1.2.1",
      "resolved": "https://registry.npmjs.org/css-box-model/-/css-box-model-1.2.1.tgz",
      "integrity": "sha512-a7Vr4Q/kd/aw96bnJG332W9V9LkJO69JRcaCYDUqjp6/z0w6VcZjgAcTbgFxEPfBgdnAwlh3iwu+hLopa+flJw==",
      "peer": true,
      "dependencies": {
        "tiny-invariant": "^1.0.6"
      }
    },
    "node_modules/csstype": {
      "version": "3.1.3",
      "resolved": "https://registry.npmjs.org/csstype/-/csstype-3.1.3.tgz",
      "integrity": "sha512-M1uQkMl8rQK/szD0LNhtqxIPLpimGm8sOBwU7lLnCpSbTyY3yeU1Vc7l4KT5zT4s/yOxHH5O7tIuuLOCnLADRw==",
      "peer": true
    },
    "node_modules/error-ex": {
      "version": "1.3.2",
      "resolved": "https://registry.npmjs.org/error-ex/-/error-ex-1.3.2.tgz",
      "integrity": "sha512-7dFHNmqeFSEt2ZBsCriorKnn3Z2pj+fd9kmI6QoWw4//DL+icEBfc0U7qJCisqrTsKTjw4fNFy2pW9OqStD84g==",
      "peer": true,
      "dependencies": {
        "is-arrayish": "^0.2.1"
      }
    },
    "node_modules/escape-string-regexp": {
      "version": "4.0.0",
      "resolved": "https://registry.npmjs.org/escape-string-regexp/-/escape-string-regexp-4.0.0.tgz",
      "integrity": "sha512-TtpcNJ3XAzx3Gq8sWRzJaVajRs0uVxA2YAkdb1jm2YkPz4G6egUFAyA3n5vtEIZefPk5Wa4UXbKuS5fKkJWdgA==",
      "peer": true,
      "engines": {
        "node": ">=10"
      },
      "funding": {
        "url": "https://github.com/sponsors/sindresorhus"
      }
    },
    "node_modules/find-root": {
      "version": "1.1.0",
      "resolved": "https://registry.npmjs.org/find-root/-/find-root-1.1.0.tgz",
      "integrity": "sha512-NKfW6bec6GfKc0SGx1e07QZY9PE99u0Bft/0rzSD5k3sO/vwkVUpDUKVm5Gpp5Ue3YfShPFTX2070tDs5kB9Ng==",
      "peer": true
    },
    "node_modules/framesync": {
      "version": "6.1.2",
      "resolved": "https://registry.npmjs.org/framesync/-/framesync-6.1.2.tgz",
      "integrity": "sha512-jBTqhX6KaQVDyus8muwZbBeGGP0XgujBRbQ7gM7BRdS3CadCZIHiawyzYLnafYcvZIh5j8WE7cxZKFn7dXhu9g==",
      "peer": true,
      "dependencies": {
        "tslib": "2.4.0"
      }
    },
    "node_modules/function-bind": {
      "version": "1.1.2",
      "resolved": "https://registry.npmjs.org/function-bind/-/function-bind-1.1.2.tgz",
      "integrity": "sha512-7XHNxH7qX9xG5mIwxkhumTox/MIRNcOgDrxWsMt2pAr23WHp6MrRlN7FBSFpCpr+oVO0F744iUgR82nJMfG2SA==",
      "peer": true,
      "funding": {
        "url": "https://github.com/sponsors/ljharb"
      }
    },
    "node_modules/has-flag": {
      "version": "3.0.0",
      "resolved": "https://registry.npmjs.org/has-flag/-/has-flag-3.0.0.tgz",
      "integrity": "sha512-sKJf1+ceQBr4SMkvQnBDNDtf4TXpVhVGateu0t918bl30FnbE2m4vNLX+VWe/dpjlb+HugGYzW7uQXH98HPEYw==",
      "peer": true,
      "engines": {
        "node": ">=4"
      }
    },
    "node_modules/hasown": {
      "version": "2.0.2",
      "resolved": "https://registry.npmjs.org/hasown/-/hasown-2.0.2.tgz",
      "integrity": "sha512-0hJU9SCPvmMzIBdZFqNPXWa6dqh7WdH0cII9y+CyS8rG3nL48Bclra9HmKhVVUHyPWNH5Y7xDwAB7bfgSjkUMQ==",
      "peer": true,
      "dependencies": {
        "function-bind": "^1.1.2"
      },
      "engines": {
        "node": ">= 0.4"
      }
    },
    "node_modules/hoist-non-react-statics": {
      "version": "3.3.2",
      "resolved": "https://registry.npmjs.org/hoist-non-react-statics/-/hoist-non-react-statics-3.3.2.tgz",
      "integrity": "sha512-/gGivxi8JPKWNm/W0jSmzcMPpfpPLc3dY/6GxhX2hQ9iGj3aDfklV4ET7NjKpSinLpJ5vafa9iiGIEZg10SfBw==",
      "peer": true,
      "dependencies": {
        "react-is": "^16.7.0"
      }
    },
    "node_modules/import-fresh": {
      "version": "3.3.0",
      "resolved": "https://registry.npmjs.org/import-fresh/-/import-fresh-3.3.0.tgz",
      "integrity": "sha512-veYYhQa+D1QBKznvhUHxb8faxlrwUnxseDAbAp457E0wLNio2bOSKnjYDhMj+YiAq61xrMGhQk9iXVk5FzgQMw==",
      "peer": true,
      "dependencies": {
        "parent-module": "^1.0.0",
        "resolve-from": "^4.0.0"
      },
      "engines": {
        "node": ">=6"
      },
      "funding": {
        "url": "https://github.com/sponsors/sindresorhus"
      }
    },
    "node_modules/is-arrayish": {
      "version": "0.2.1",
      "resolved": "https://registry.npmjs.org/is-arrayish/-/is-arrayish-0.2.1.tgz",
      "integrity": "sha512-zz06S8t0ozoDXMG+ube26zeCTNXcKIPJZJi8hBrF4idCLms4CG9QtK7qBl1boi5ODzFpjswb5JPmHCbMpjaYzg==",
      "peer": true
    },
    "node_modules/is-core-module": {
      "version": "2.13.1",
      "resolved": "https://registry.npmjs.org/is-core-module/-/is-core-module-2.13.1.tgz",
      "integrity": "sha512-hHrIjvZsftOsvKSn2TRYl63zvxsgE0K+0mYMoH6gD4omR5IWB2KynivBQczo3+wF1cCkjzvptnI9Q0sPU66ilw==",
      "peer": true,
      "dependencies": {
        "hasown": "^2.0.0"
      },
      "funding": {
        "url": "https://github.com/sponsors/ljharb"
      }
    },
    "node_modules/js-tokens": {
      "version": "4.0.0",
      "resolved": "https://registry.npmjs.org/js-tokens/-/js-tokens-4.0.0.tgz",
      "integrity": "sha512-RdJUflcE3cUzKiMqQgsCu06FPu9UdIJO0beYbPhHN4k6apgJtifcoCtT9bcxOpYBtpD2kCM6Sbzg4CausW/PKQ==",
      "peer": true
    },
    "node_modules/json-parse-even-better-errors": {
      "version": "2.3.1",
      "resolved": "https://registry.npmjs.org/json-parse-even-better-errors/-/json-parse-even-better-errors-2.3.1.tgz",
      "integrity": "sha512-xyFwyhro/JEof6Ghe2iz2NcXoj2sloNsWr/XsERDK/oiPCfaNhl5ONfp+jQdAZRQQ0IJWNzH9zIZF7li91kh2w==",
      "peer": true
    },
    "node_modules/lines-and-columns": {
      "version": "1.2.4",
      "resolved": "https://registry.npmjs.org/lines-and-columns/-/lines-and-columns-1.2.4.tgz",
      "integrity": "sha512-7ylylesZQ/PV29jhEDl3Ufjo6ZX7gCqJr5F7PKrqc93v7fzSymt1BpwEU8nAUXs8qzzvqhbjhK5QZg6Mt/HkBg==",
      "peer": true
    },
    "node_modules/lodash.mergewith": {
      "version": "4.6.2",
      "resolved": "https://registry.npmjs.org/lodash.mergewith/-/lodash.mergewith-4.6.2.tgz",
      "integrity": "sha512-GK3g5RPZWTRSeLSpgP8Xhra+pnjBC56q9FZYe1d5RN3TJ35dbkGy3YqBSMbyCrlbi+CM9Z3Jk5yTL7RCsqboyQ==",
      "peer": true
    },
    "node_modules/loose-envify": {
      "version": "1.4.0",
      "resolved": "https://registry.npmjs.org/loose-envify/-/loose-envify-1.4.0.tgz",
      "integrity": "sha512-lyuxPGr/Wfhrlem2CL/UcnUc1zcqKAImBDzukY7Y5F/yQiNdko6+fRLevlw1HgMySw7f611UIY408EtxRSoK3Q==",
      "peer": true,
      "dependencies": {
        "js-tokens": "^3.0.0 || ^4.0.0"
      },
      "bin": {
        "loose-envify": "cli.js"
      }
    },
    "node_modules/parent-module": {
      "version": "1.0.1",
      "resolved": "https://registry.npmjs.org/parent-module/-/parent-module-1.0.1.tgz",
      "integrity": "sha512-GQ2EWRpQV8/o+Aw8YqtfZZPfNRWZYkbidE9k5rpl/hC3vtHHBfGm2Ifi6qWV+coDGkrUKZAxE3Lot5kcsRlh+g==",
      "peer": true,
      "dependencies": {
        "callsites": "^3.0.0"
      },
      "engines": {
        "node": ">=6"
      }
    },
    "node_modules/parse-json": {
      "version": "5.2.0",
      "resolved": "https://registry.npmjs.org/parse-json/-/parse-json-5.2.0.tgz",
      "integrity": "sha512-ayCKvm/phCGxOkYRSCM82iDwct8/EonSEgCSxWxD7ve6jHggsFl4fZVQBPRNgQoKiuV/odhFrGzQXZwbifC8Rg==",
      "peer": true,
      "dependencies": {
        "@babel/code-frame": "^7.0.0",
        "error-ex": "^1.3.1",
        "json-parse-even-better-errors": "^2.3.0",
        "lines-and-columns": "^1.1.6"
      },
      "engines": {
        "node": ">=8"
      },
      "funding": {
        "url": "https://github.com/sponsors/sindresorhus"
      }
    },
    "node_modules/path-parse": {
      "version": "1.0.7",
      "resolved": "https://registry.npmjs.org/path-parse/-/path-parse-1.0.7.tgz",
      "integrity": "sha512-LDJzPVEEEPR+y48z93A0Ed0yXb8pAByGWo/k5YYdYgpY2/2EsOsksJrq7lOHxryrVOn1ejG6oAp8ahvOIQD8sw==",
      "peer": true
    },
    "node_modules/path-type": {
      "version": "4.0.0",
      "resolved": "https://registry.npmjs.org/path-type/-/path-type-4.0.0.tgz",
      "integrity": "sha512-gDKb8aZMDeD/tZWs9P6+q0J9Mwkdl6xMV8TjnGP3qJVJ06bdMgkbBlLU8IdfOsIsFz2BW1rNVT3XuNEl8zPAvw==",
      "peer": true,
      "engines": {
        "node": ">=8"
      }
    },
    "node_modules/picocolors": {
      "version": "1.0.0",
      "resolved": "https://registry.npmjs.org/picocolors/-/picocolors-1.0.0.tgz",
      "integrity": "sha512-1fygroTLlHu66zi26VoTDv8yRgm0Fccecssto+MhsZ0D/DGW2sm8E8AjW7NU5VVTRt5GxbeZ5qBuJr+HyLYkjQ==",
      "peer": true
    },
    "node_modules/react": {
      "version": "18.2.0",
      "resolved": "https://registry.npmjs.org/react/-/react-18.2.0.tgz",
      "integrity": "sha512-/3IjMdb2L9QbBdWiW5e3P2/npwMBaU9mHCSCUzNln0ZCYbcfTsGbTJrU/kGemdH2IWmB2ioZ+zkxtmq6g09fGQ==",
      "peer": true,
      "dependencies": {
        "loose-envify": "^1.1.0"
      },
      "engines": {
        "node": ">=0.10.0"
      }
    },
    "node_modules/react-fast-compare": {
      "version": "3.2.2",
      "resolved": "https://registry.npmjs.org/react-fast-compare/-/react-fast-compare-3.2.2.tgz",
      "integrity": "sha512-nsO+KSNgo1SbJqJEYRE9ERzo7YtYbou/OqjSQKxV7jcKox7+usiUVZOAC+XnDOABXggQTno0Y1CpVnuWEc1boQ==",
      "peer": true
    },
    "node_modules/react-is": {
      "version": "16.13.1",
      "resolved": "https://registry.npmjs.org/react-is/-/react-is-16.13.1.tgz",
      "integrity": "sha512-24e6ynE2H+OKt4kqsOvNd8kBpV65zoxbA4BVsEOB3ARVWQki/DHzaUoC5KuON/BiccDaCCTZBuOcfZs70kR8bQ==",
      "peer": true
    },
    "node_modules/regenerator-runtime": {
      "version": "0.14.1",
      "resolved": "https://registry.npmjs.org/regenerator-runtime/-/regenerator-runtime-0.14.1.tgz",
      "integrity": "sha512-dYnhHh0nJoMfnkZs6GmmhFknAGRrLznOu5nc9ML+EJxGvrx6H7teuevqVqCuPcPK//3eDrrjQhehXVx9cnkGdw==",
      "peer": true
    },
    "node_modules/resolve": {
      "version": "1.22.8",
      "resolved": "https://registry.npmjs.org/resolve/-/resolve-1.22.8.tgz",
      "integrity": "sha512-oKWePCxqpd6FlLvGV1VU0x7bkPmmCNolxzjMf4NczoDnQcIWrAF+cPtZn5i6n+RfD2d9i0tzpKnG6Yk168yIyw==",
      "peer": true,
      "dependencies": {
        "is-core-module": "^2.13.0",
        "path-parse": "^1.0.7",
        "supports-preserve-symlinks-flag": "^1.0.0"
      },
      "bin": {
        "resolve": "bin/resolve"
      },
      "funding": {
        "url": "https://github.com/sponsors/ljharb"
      }
    },
    "node_modules/resolve-from": {
      "version": "4.0.0",
      "resolved": "https://registry.npmjs.org/resolve-from/-/resolve-from-4.0.0.tgz",
      "integrity": "sha512-pb/MYmXstAkysRFx8piNI1tGFNQIFA3vkE3Gq4EuA1dF6gHp/+vgZqsCGJapvy8N3Q+4o7FwvquPJcnZ7RYy4g==",
      "peer": true,
      "engines": {
        "node": ">=4"
      }
    },
    "node_modules/source-map": {
      "version": "0.5.7",
      "resolved": "https://registry.npmjs.org/source-map/-/source-map-0.5.7.tgz",
      "integrity": "sha512-LbrmJOMUSdEVxIKvdcJzQC+nQhe8FUZQTXQy6+I75skNgn3OoQ0DZA8YnFa7gp8tqtL3KPf1kmo0R5DoApeSGQ==",
      "peer": true,
      "engines": {
        "node": ">=0.10.0"
      }
    },
    "node_modules/stylis": {
      "version": "4.2.0",
      "resolved": "https://registry.npmjs.org/stylis/-/stylis-4.2.0.tgz",
      "integrity": "sha512-Orov6g6BB1sDfYgzWfTHDOxamtX1bE/zo104Dh9e6fqJ3PooipYyfJ0pUmrZO2wAvO8YbEyeFrkV91XTsGMSrw==",
      "peer": true
    },
    "node_modules/supports-color": {
      "version": "5.5.0",
      "resolved": "https://registry.npmjs.org/supports-color/-/supports-color-5.5.0.tgz",
      "integrity": "sha512-QjVjwdXIt408MIiAqCX4oUKsgU2EqAGzs2Ppkm4aQYbjm+ZEWEcW4SfFNTr4uMNZma0ey4f5lgLrkB0aX0QMow==",
      "peer": true,
      "dependencies": {
        "has-flag": "^3.0.0"
      },
      "engines": {
        "node": ">=4"
      }
    },
    "node_modules/supports-preserve-symlinks-flag": {
      "version": "1.0.0",
      "resolved": "https://registry.npmjs.org/supports-preserve-symlinks-flag/-/supports-preserve-symlinks-flag-1.0.0.tgz",
      "integrity": "sha512-ot0WnXS9fgdkgIcePe6RHNk1WA8+muPa6cSjeR3V8K27q9BB1rTE3R1p7Hv0z1ZyAc8s6Vvv8DIyWf681MAt0w==",
      "peer": true,
      "engines": {
        "node": ">= 0.4"
      },
      "funding": {
        "url": "https://github.com/sponsors/ljharb"
      }
    },
    "node_modules/tiny-invariant": {
      "version": "1.3.3",
      "resolved": "https://registry.npmjs.org/tiny-invariant/-/tiny-invariant-1.3.3.tgz",
      "integrity": "sha512-+FbBPE1o9QAYvviau/qC5SE3caw21q3xkvWKBtja5vgqOWIHHJ3ioaq1VPfn/Szqctz2bU/oYeKd9/z5BL+PVg==",
      "peer": true
    },
    "node_modules/to-fast-properties": {
      "version": "2.0.0",
      "resolved": "https://registry.npmjs.org/to-fast-properties/-/to-fast-properties-2.0.0.tgz",
      "integrity": "sha512-/OaKK0xYrs3DmxRYqL/yDc+FxFUVYhDlXMhRmv3z915w2HF1tnN1omB354j8VUGO/hbRzyD6Y3sA7v7GS/ceog==",
      "peer": true,
      "engines": {
        "node": ">=4"
      }
    },
    "node_modules/tslib": {
      "version": "2.4.0",
      "resolved": "https://registry.npmjs.org/tslib/-/tslib-2.4.0.tgz",
      "integrity": "sha512-d6xOpEDfsi2CZVlPQzGeux8XMwLT9hssAsaPYExaQMuYskwb+x1x7J371tWlbBdWHroy99KnVB6qIkUbs5X3UQ==",
      "peer": true
    },
    "node_modules/yaml": {
      "version": "1.10.2",
      "resolved": "https://registry.npmjs.org/yaml/-/yaml-1.10.2.tgz",
      "integrity": "sha512-r3vXyErRCYJ7wg28yvBY5VSoAF8ZvlcW9/BwUzEtUsjvX/DKs24dIkuwjtuprwJJHsbyUbLApepYTR1BN4uHrg==",
      "peer": true,
      "engines": {
        "node": ">= 6"
      }
    }
  }
}
